# THIS IS AN AUTOGENERATED FILE. DO NOT EDIT THIS FILE DIRECTLY.
# yarn lockfile v1


"@discordjs/collection@^0.1.6":
  version "0.1.6"
  resolved "https://registry.yarnpkg.com/@discordjs/collection/-/collection-0.1.6.tgz#9e9a7637f4e4e0688fd8b2b5c63133c91607682c"
  integrity sha512-utRNxnd9kSS2qhyivo9lMlt5qgAUasH2gb7BEOn6p0efFh24gjGomHzWKMAPn2hEReOPQZCJaRKoURwRotKucQ==

"@discordjs/form-data@^3.0.1":
  version "3.0.1"
  resolved "https://registry.yarnpkg.com/@discordjs/form-data/-/form-data-3.0.1.tgz#5c9e6be992e2e57d0dfa0e39979a850225fb4697"
  integrity sha512-ZfFsbgEXW71Rw/6EtBdrP5VxBJy4dthyC0tpQKGKmYFImlmmrykO14Za+BiIVduwjte0jXEBlhSKf0MWbFp9Eg==
  dependencies:
    asynckit "^0.4.0"
    combined-stream "^1.0.8"
    mime-types "^2.1.12"

"@ethersproject/abi@5.4.0", "@ethersproject/abi@^5.4.0":
  version "5.4.0"
  resolved "https://registry.yarnpkg.com/@ethersproject/abi/-/abi-5.4.0.tgz#a6d63bdb3672f738398846d4279fa6b6c9818242"
  integrity sha512-9gU2H+/yK1j2eVMdzm6xvHSnMxk8waIHQGYCZg5uvAyH0rsAzxkModzBSpbAkAuhKFEovC2S9hM4nPuLym8IZw==
  dependencies:
    "@ethersproject/address" "^5.4.0"
    "@ethersproject/bignumber" "^5.4.0"
    "@ethersproject/bytes" "^5.4.0"
    "@ethersproject/constants" "^5.4.0"
    "@ethersproject/hash" "^5.4.0"
    "@ethersproject/keccak256" "^5.4.0"
    "@ethersproject/logger" "^5.4.0"
    "@ethersproject/properties" "^5.4.0"
    "@ethersproject/strings" "^5.4.0"

"@ethersproject/abstract-provider@5.4.1", "@ethersproject/abstract-provider@^5.4.0":
  version "5.4.1"
  resolved "https://registry.yarnpkg.com/@ethersproject/abstract-provider/-/abstract-provider-5.4.1.tgz#e404309a29f771bd4d28dbafadcaa184668c2a6e"
  integrity sha512-3EedfKI3LVpjSKgAxoUaI+gB27frKsxzm+r21w9G60Ugk+3wVLQwhi1LsEJAKNV7WoZc8CIpNrATlL1QFABjtQ==
  dependencies:
    "@ethersproject/bignumber" "^5.4.0"
    "@ethersproject/bytes" "^5.4.0"
    "@ethersproject/logger" "^5.4.0"
    "@ethersproject/networks" "^5.4.0"
    "@ethersproject/properties" "^5.4.0"
    "@ethersproject/transactions" "^5.4.0"
    "@ethersproject/web" "^5.4.0"

"@ethersproject/abstract-signer@5.4.1", "@ethersproject/abstract-signer@^5.4.0":
  version "5.4.1"
  resolved "https://registry.yarnpkg.com/@ethersproject/abstract-signer/-/abstract-signer-5.4.1.tgz#e4e9abcf4dd4f1ba0db7dff9746a5f78f355ea81"
  integrity sha512-SkkFL5HVq1k4/25dM+NWP9MILgohJCgGv5xT5AcRruGz4ILpfHeBtO/y6j+Z3UN/PAjDeb4P7E51Yh8wcGNLGA==
  dependencies:
    "@ethersproject/abstract-provider" "^5.4.0"
    "@ethersproject/bignumber" "^5.4.0"
    "@ethersproject/bytes" "^5.4.0"
    "@ethersproject/logger" "^5.4.0"
    "@ethersproject/properties" "^5.4.0"

"@ethersproject/address@5.4.0", "@ethersproject/address@^5.4.0":
  version "5.4.0"
  resolved "https://registry.yarnpkg.com/@ethersproject/address/-/address-5.4.0.tgz#ba2d00a0f8c4c0854933b963b9a3a9f6eb4a37a3"
  integrity sha512-SD0VgOEkcACEG/C6xavlU1Hy3m5DGSXW3CUHkaaEHbAPPsgi0coP5oNPsxau8eTlZOk/bpa/hKeCNoK5IzVI2Q==
  dependencies:
    "@ethersproject/bignumber" "^5.4.0"
    "@ethersproject/bytes" "^5.4.0"
    "@ethersproject/keccak256" "^5.4.0"
    "@ethersproject/logger" "^5.4.0"
    "@ethersproject/rlp" "^5.4.0"

"@ethersproject/base64@5.4.0", "@ethersproject/base64@^5.4.0":
  version "5.4.0"
  resolved "https://registry.yarnpkg.com/@ethersproject/base64/-/base64-5.4.0.tgz#7252bf65295954c9048c7ca5f43e5c86441b2a9a"
  integrity sha512-CjQw6E17QDSSC5jiM9YpF7N1aSCHmYGMt9bWD8PWv6YPMxjsys2/Q8xLrROKI3IWJ7sFfZ8B3flKDTM5wlWuZQ==
  dependencies:
    "@ethersproject/bytes" "^5.4.0"

"@ethersproject/basex@5.4.0", "@ethersproject/basex@^5.4.0":
  version "5.4.0"
  resolved "https://registry.yarnpkg.com/@ethersproject/basex/-/basex-5.4.0.tgz#0a2da0f4e76c504a94f2b21d3161ed9438c7f8a6"
  integrity sha512-J07+QCVJ7np2bcpxydFVf/CuYo9mZ7T73Pe7KQY4c1lRlrixMeblauMxHXD0MPwFmUHZIILDNViVkykFBZylbg==
  dependencies:
    "@ethersproject/bytes" "^5.4.0"
    "@ethersproject/properties" "^5.4.0"

"@ethersproject/bignumber@5.4.1", "@ethersproject/bignumber@^5.4.0":
  version "5.4.1"
  resolved "https://registry.yarnpkg.com/@ethersproject/bignumber/-/bignumber-5.4.1.tgz#64399d3b9ae80aa83d483e550ba57ea062c1042d"
  integrity sha512-fJhdxqoQNuDOk6epfM7yD6J8Pol4NUCy1vkaGAkuujZm0+lNow//MKu1hLhRiYV4BsOHyBv5/lsTjF+7hWwhJg==
  dependencies:
    "@ethersproject/bytes" "^5.4.0"
    "@ethersproject/logger" "^5.4.0"
    bn.js "^4.11.9"

"@ethersproject/bytes@5.4.0", "@ethersproject/bytes@^5.4.0":
  version "5.4.0"
  resolved "https://registry.yarnpkg.com/@ethersproject/bytes/-/bytes-5.4.0.tgz#56fa32ce3bf67153756dbaefda921d1d4774404e"
  integrity sha512-H60ceqgTHbhzOj4uRc/83SCN9d+BSUnOkrr2intevqdtEMO1JFVZ1XL84OEZV+QjV36OaZYxtnt4lGmxcGsPfA==
  dependencies:
    "@ethersproject/logger" "^5.4.0"

"@ethersproject/constants@5.4.0", "@ethersproject/constants@^5.4.0":
  version "5.4.0"
  resolved "https://registry.yarnpkg.com/@ethersproject/constants/-/constants-5.4.0.tgz#ee0bdcb30bf1b532d2353c977bf2ef1ee117958a"
  integrity sha512-tzjn6S7sj9+DIIeKTJLjK9WGN2Tj0P++Z8ONEIlZjyoTkBuODN+0VfhAyYksKi43l1Sx9tX2VlFfzjfmr5Wl3Q==
  dependencies:
    "@ethersproject/bignumber" "^5.4.0"

"@ethersproject/contracts@5.4.1":
  version "5.4.1"
  resolved "https://registry.yarnpkg.com/@ethersproject/contracts/-/contracts-5.4.1.tgz#3eb4f35b7fe60a962a75804ada2746494df3e470"
  integrity sha512-m+z2ZgPy4pyR15Je//dUaymRUZq5MtDajF6GwFbGAVmKz/RF+DNIPwF0k5qEcL3wPGVqUjFg2/krlCRVTU4T5w==
  dependencies:
    "@ethersproject/abi" "^5.4.0"
    "@ethersproject/abstract-provider" "^5.4.0"
    "@ethersproject/abstract-signer" "^5.4.0"
    "@ethersproject/address" "^5.4.0"
    "@ethersproject/bignumber" "^5.4.0"
    "@ethersproject/bytes" "^5.4.0"
    "@ethersproject/constants" "^5.4.0"
    "@ethersproject/logger" "^5.4.0"
    "@ethersproject/properties" "^5.4.0"
    "@ethersproject/transactions" "^5.4.0"

"@ethersproject/hash@5.4.0", "@ethersproject/hash@^5.4.0":
  version "5.4.0"
  resolved "https://registry.yarnpkg.com/@ethersproject/hash/-/hash-5.4.0.tgz#d18a8e927e828e22860a011f39e429d388344ae0"
  integrity sha512-xymAM9tmikKgbktOCjW60Z5sdouiIIurkZUr9oW5NOex5uwxrbsYG09kb5bMcNjlVeJD3yPivTNzViIs1GCbqA==
  dependencies:
    "@ethersproject/abstract-signer" "^5.4.0"
    "@ethersproject/address" "^5.4.0"
    "@ethersproject/bignumber" "^5.4.0"
    "@ethersproject/bytes" "^5.4.0"
    "@ethersproject/keccak256" "^5.4.0"
    "@ethersproject/logger" "^5.4.0"
    "@ethersproject/properties" "^5.4.0"
    "@ethersproject/strings" "^5.4.0"

"@ethersproject/hdnode@5.4.0", "@ethersproject/hdnode@^5.4.0":
  version "5.4.0"
  resolved "https://registry.yarnpkg.com/@ethersproject/hdnode/-/hdnode-5.4.0.tgz#4bc9999b9a12eb5ce80c5faa83114a57e4107cac"
  integrity sha512-pKxdS0KAaeVGfZPp1KOiDLB0jba11tG6OP1u11QnYfb7pXn6IZx0xceqWRr6ygke8+Kw74IpOoSi7/DwANhy8Q==
  dependencies:
    "@ethersproject/abstract-signer" "^5.4.0"
    "@ethersproject/basex" "^5.4.0"
    "@ethersproject/bignumber" "^5.4.0"
    "@ethersproject/bytes" "^5.4.0"
    "@ethersproject/logger" "^5.4.0"
    "@ethersproject/pbkdf2" "^5.4.0"
    "@ethersproject/properties" "^5.4.0"
    "@ethersproject/sha2" "^5.4.0"
    "@ethersproject/signing-key" "^5.4.0"
    "@ethersproject/strings" "^5.4.0"
    "@ethersproject/transactions" "^5.4.0"
    "@ethersproject/wordlists" "^5.4.0"

"@ethersproject/json-wallets@5.4.0", "@ethersproject/json-wallets@^5.4.0":
  version "5.4.0"
  resolved "https://registry.yarnpkg.com/@ethersproject/json-wallets/-/json-wallets-5.4.0.tgz#2583341cfe313fc9856642e8ace3080154145e95"
  integrity sha512-igWcu3fx4aiczrzEHwG1xJZo9l1cFfQOWzTqwRw/xcvxTk58q4f9M7cjh51EKphMHvrJtcezJ1gf1q1AUOfEQQ==
  dependencies:
    "@ethersproject/abstract-signer" "^5.4.0"
    "@ethersproject/address" "^5.4.0"
    "@ethersproject/bytes" "^5.4.0"
    "@ethersproject/hdnode" "^5.4.0"
    "@ethersproject/keccak256" "^5.4.0"
    "@ethersproject/logger" "^5.4.0"
    "@ethersproject/pbkdf2" "^5.4.0"
    "@ethersproject/properties" "^5.4.0"
    "@ethersproject/random" "^5.4.0"
    "@ethersproject/strings" "^5.4.0"
    "@ethersproject/transactions" "^5.4.0"
    aes-js "3.0.0"
    scrypt-js "3.0.1"

"@ethersproject/keccak256@5.4.0", "@ethersproject/keccak256@^5.4.0":
  version "5.4.0"
  resolved "https://registry.yarnpkg.com/@ethersproject/keccak256/-/keccak256-5.4.0.tgz#7143b8eea4976080241d2bd92e3b1f1bf7025318"
  integrity sha512-FBI1plWet+dPUvAzPAeHzRKiPpETQzqSUWR1wXJGHVWi4i8bOSrpC3NwpkPjgeXG7MnugVc1B42VbfnQikyC/A==
  dependencies:
    "@ethersproject/bytes" "^5.4.0"
    js-sha3 "0.5.7"

"@ethersproject/logger@5.4.0", "@ethersproject/logger@^5.4.0":
  version "5.4.0"
  resolved "https://registry.yarnpkg.com/@ethersproject/logger/-/logger-5.4.0.tgz#f39adadf62ad610c420bcd156fd41270e91b3ca9"
  integrity sha512-xYdWGGQ9P2cxBayt64d8LC8aPFJk6yWCawQi/4eJ4+oJdMMjEBMrIcIMZ9AxhwpPVmnBPrsB10PcXGmGAqgUEQ==

"@ethersproject/networks@5.4.2", "@ethersproject/networks@^5.4.0":
  version "5.4.2"
  resolved "https://registry.yarnpkg.com/@ethersproject/networks/-/networks-5.4.2.tgz#2247d977626e97e2c3b8ee73cd2457babde0ce35"
  integrity sha512-eekOhvJyBnuibfJnhtK46b8HimBc5+4gqpvd1/H9LEl7Q7/qhsIhM81dI9Fcnjpk3jB1aTy6bj0hz3cifhNeYw==
  dependencies:
    "@ethersproject/logger" "^5.4.0"

"@ethersproject/pbkdf2@5.4.0", "@ethersproject/pbkdf2@^5.4.0":
  version "5.4.0"
  resolved "https://registry.yarnpkg.com/@ethersproject/pbkdf2/-/pbkdf2-5.4.0.tgz#ed88782a67fda1594c22d60d0ca911a9d669641c"
  integrity sha512-x94aIv6tiA04g6BnazZSLoRXqyusawRyZWlUhKip2jvoLpzJuLb//KtMM6PEovE47pMbW+Qe1uw+68ameJjB7g==
  dependencies:
    "@ethersproject/bytes" "^5.4.0"
    "@ethersproject/sha2" "^5.4.0"

"@ethersproject/properties@5.4.0", "@ethersproject/properties@^5.4.0":
  version "5.4.0"
  resolved "https://registry.yarnpkg.com/@ethersproject/properties/-/properties-5.4.0.tgz#38ba20539b44dcc5d5f80c45ad902017dcdbefe7"
  integrity sha512-7jczalGVRAJ+XSRvNA6D5sAwT4gavLq3OXPuV/74o3Rd2wuzSL035IMpIMgei4CYyBdialJMrTqkOnzccLHn4A==
  dependencies:
    "@ethersproject/logger" "^5.4.0"

"@ethersproject/providers@5.4.4":
  version "5.4.4"
  resolved "https://registry.yarnpkg.com/@ethersproject/providers/-/providers-5.4.4.tgz#6729120317942fc0ab0ecdb35e944ec6bbedb795"
  integrity sha512-mQevyXj2X2D3l8p/JGDYFZbODhZjW6On15DnCK4Xc9y6b+P0vqorQC/j46omWSm4cyo7BQ/rgfhXNYmvAfyZoQ==
  dependencies:
    "@ethersproject/abstract-provider" "^5.4.0"
    "@ethersproject/abstract-signer" "^5.4.0"
    "@ethersproject/address" "^5.4.0"
    "@ethersproject/basex" "^5.4.0"
    "@ethersproject/bignumber" "^5.4.0"
    "@ethersproject/bytes" "^5.4.0"
    "@ethersproject/constants" "^5.4.0"
    "@ethersproject/hash" "^5.4.0"
    "@ethersproject/logger" "^5.4.0"
    "@ethersproject/networks" "^5.4.0"
    "@ethersproject/properties" "^5.4.0"
    "@ethersproject/random" "^5.4.0"
    "@ethersproject/rlp" "^5.4.0"
    "@ethersproject/sha2" "^5.4.0"
    "@ethersproject/strings" "^5.4.0"
    "@ethersproject/transactions" "^5.4.0"
    "@ethersproject/web" "^5.4.0"
    bech32 "1.1.4"
    ws "7.4.6"

"@ethersproject/random@5.4.0", "@ethersproject/random@^5.4.0":
  version "5.4.0"
  resolved "https://registry.yarnpkg.com/@ethersproject/random/-/random-5.4.0.tgz#9cdde60e160d024be39cc16f8de3b9ce39191e16"
  integrity sha512-pnpWNQlf0VAZDEOVp1rsYQosmv2o0ITS/PecNw+mS2/btF8eYdspkN0vIXrCMtkX09EAh9bdk8GoXmFXM1eAKw==
  dependencies:
    "@ethersproject/bytes" "^5.4.0"
    "@ethersproject/logger" "^5.4.0"

"@ethersproject/rlp@5.4.0", "@ethersproject/rlp@^5.4.0":
  version "5.4.0"
  resolved "https://registry.yarnpkg.com/@ethersproject/rlp/-/rlp-5.4.0.tgz#de61afda5ff979454e76d3b3310a6c32ad060931"
  integrity sha512-0I7MZKfi+T5+G8atId9QaQKHRvvasM/kqLyAH4XxBCBchAooH2EX5rL9kYZWwcm3awYV+XC7VF6nLhfeQFKVPg==
  dependencies:
    "@ethersproject/bytes" "^5.4.0"
    "@ethersproject/logger" "^5.4.0"

"@ethersproject/sha2@5.4.0", "@ethersproject/sha2@^5.4.0":
  version "5.4.0"
  resolved "https://registry.yarnpkg.com/@ethersproject/sha2/-/sha2-5.4.0.tgz#c9a8db1037014cbc4e9482bd662f86c090440371"
  integrity sha512-siheo36r1WD7Cy+bDdE1BJ8y0bDtqXCOxRMzPa4bV1TGt/eTUUt03BHoJNB6reWJD8A30E/pdJ8WFkq+/uz4Gg==
  dependencies:
    "@ethersproject/bytes" "^5.4.0"
    "@ethersproject/logger" "^5.4.0"
    hash.js "1.1.7"

"@ethersproject/signing-key@5.4.0", "@ethersproject/signing-key@^5.4.0":
  version "5.4.0"
  resolved "https://registry.yarnpkg.com/@ethersproject/signing-key/-/signing-key-5.4.0.tgz#2f05120984e81cf89a3d5f6dec5c68ee0894fbec"
  integrity sha512-q8POUeywx6AKg2/jX9qBYZIAmKSB4ubGXdQ88l40hmATj29JnG5pp331nAWwwxPn2Qao4JpWHNZsQN+bPiSW9A==
  dependencies:
    "@ethersproject/bytes" "^5.4.0"
    "@ethersproject/logger" "^5.4.0"
    "@ethersproject/properties" "^5.4.0"
    bn.js "^4.11.9"
    elliptic "6.5.4"
    hash.js "1.1.7"

"@ethersproject/solidity@5.4.0":
  version "5.4.0"
  resolved "https://registry.yarnpkg.com/@ethersproject/solidity/-/solidity-5.4.0.tgz#1305e058ea02dc4891df18b33232b11a14ece9ec"
  integrity sha512-XFQTZ7wFSHOhHcV1DpcWj7VXECEiSrBuv7JErJvB9Uo+KfCdc3QtUZV+Vjh/AAaYgezUEKbCtE6Khjm44seevQ==
  dependencies:
    "@ethersproject/bignumber" "^5.4.0"
    "@ethersproject/bytes" "^5.4.0"
    "@ethersproject/keccak256" "^5.4.0"
    "@ethersproject/sha2" "^5.4.0"
    "@ethersproject/strings" "^5.4.0"

"@ethersproject/strings@5.4.0", "@ethersproject/strings@^5.4.0":
  version "5.4.0"
  resolved "https://registry.yarnpkg.com/@ethersproject/strings/-/strings-5.4.0.tgz#fb12270132dd84b02906a8d895ae7e7fa3d07d9a"
  integrity sha512-k/9DkH5UGDhv7aReXLluFG5ExurwtIpUfnDNhQA29w896Dw3i4uDTz01Quaptbks1Uj9kI8wo9tmW73wcIEaWA==
  dependencies:
    "@ethersproject/bytes" "^5.4.0"
    "@ethersproject/constants" "^5.4.0"
    "@ethersproject/logger" "^5.4.0"

"@ethersproject/transactions@5.4.0", "@ethersproject/transactions@^5.4.0":
  version "5.4.0"
  resolved "https://registry.yarnpkg.com/@ethersproject/transactions/-/transactions-5.4.0.tgz#a159d035179334bd92f340ce0f77e83e9e1522e0"
  integrity sha512-s3EjZZt7xa4BkLknJZ98QGoIza94rVjaEed0rzZ/jB9WrIuu/1+tjvYCWzVrystXtDswy7TPBeIepyXwSYa4WQ==
  dependencies:
    "@ethersproject/address" "^5.4.0"
    "@ethersproject/bignumber" "^5.4.0"
    "@ethersproject/bytes" "^5.4.0"
    "@ethersproject/constants" "^5.4.0"
    "@ethersproject/keccak256" "^5.4.0"
    "@ethersproject/logger" "^5.4.0"
    "@ethersproject/properties" "^5.4.0"
    "@ethersproject/rlp" "^5.4.0"
    "@ethersproject/signing-key" "^5.4.0"

"@ethersproject/units@5.4.0":
  version "5.4.0"
  resolved "https://registry.yarnpkg.com/@ethersproject/units/-/units-5.4.0.tgz#d57477a4498b14b88b10396062c8cbbaf20c79fe"
  integrity sha512-Z88krX40KCp+JqPCP5oPv5p750g+uU6gopDYRTBGcDvOASh6qhiEYCRatuM/suC4S2XW9Zz90QI35MfSrTIaFg==
  dependencies:
    "@ethersproject/bignumber" "^5.4.0"
    "@ethersproject/constants" "^5.4.0"
    "@ethersproject/logger" "^5.4.0"

"@ethersproject/wallet@5.4.0":
  version "5.4.0"
  resolved "https://registry.yarnpkg.com/@ethersproject/wallet/-/wallet-5.4.0.tgz#fa5b59830b42e9be56eadd45a16a2e0933ad9353"
  integrity sha512-wU29majLjM6AjCjpat21mPPviG+EpK7wY1+jzKD0fg3ui5fgedf2zEu1RDgpfIMsfn8fJHJuzM4zXZ2+hSHaSQ==
  dependencies:
    "@ethersproject/abstract-provider" "^5.4.0"
    "@ethersproject/abstract-signer" "^5.4.0"
    "@ethersproject/address" "^5.4.0"
    "@ethersproject/bignumber" "^5.4.0"
    "@ethersproject/bytes" "^5.4.0"
    "@ethersproject/hash" "^5.4.0"
    "@ethersproject/hdnode" "^5.4.0"
    "@ethersproject/json-wallets" "^5.4.0"
    "@ethersproject/keccak256" "^5.4.0"
    "@ethersproject/logger" "^5.4.0"
    "@ethersproject/properties" "^5.4.0"
    "@ethersproject/random" "^5.4.0"
    "@ethersproject/signing-key" "^5.4.0"
    "@ethersproject/transactions" "^5.4.0"
    "@ethersproject/wordlists" "^5.4.0"

"@ethersproject/web@5.4.0", "@ethersproject/web@^5.4.0":
  version "5.4.0"
  resolved "https://registry.yarnpkg.com/@ethersproject/web/-/web-5.4.0.tgz#49fac173b96992334ed36a175538ba07a7413d1f"
  integrity sha512-1bUusGmcoRLYgMn6c1BLk1tOKUIFuTg8j+6N8lYlbMpDesnle+i3pGSagGNvwjaiLo4Y5gBibwctpPRmjrh4Og==
  dependencies:
    "@ethersproject/base64" "^5.4.0"
    "@ethersproject/bytes" "^5.4.0"
    "@ethersproject/logger" "^5.4.0"
    "@ethersproject/properties" "^5.4.0"
    "@ethersproject/strings" "^5.4.0"

"@ethersproject/wordlists@5.4.0", "@ethersproject/wordlists@^5.4.0":
  version "5.4.0"
  resolved "https://registry.yarnpkg.com/@ethersproject/wordlists/-/wordlists-5.4.0.tgz#f34205ec3bbc9e2c49cadaee774cf0b07e7573d7"
  integrity sha512-FemEkf6a+EBKEPxlzeVgUaVSodU7G0Na89jqKjmWMlDB0tomoU8RlEMgUvXyqtrg8N4cwpLh8nyRnm1Nay1isA==
  dependencies:
    "@ethersproject/bytes" "^5.4.0"
    "@ethersproject/hash" "^5.4.0"
    "@ethersproject/logger" "^5.4.0"
    "@ethersproject/properties" "^5.4.0"
    "@ethersproject/strings" "^5.4.0"

abort-controller@^3.0.0:
  version "3.0.0"
  resolved "https://registry.yarnpkg.com/abort-controller/-/abort-controller-3.0.0.tgz#eaf54d53b62bae4138e809ca225c8439a6efb392"
  integrity sha512-h8lQ8tacZYnR3vNQTgibj+tODHI5/+l06Au2Pcriv/Gmet0eaj4TwWH41sO9wnHDiQsEj19q0drzdWdeAHtweg==
  dependencies:
    event-target-shim "^5.0.0"

aes-js@3.0.0:
  version "3.0.0"
  resolved "https://registry.yarnpkg.com/aes-js/-/aes-js-3.0.0.tgz#e21df10ad6c2053295bcbb8dab40b09dbea87e4d"
  integrity sha1-4h3xCtbCBTKVvLuNq0Cwnb6ofk0=

array-union@^1.0.1:
  version "1.0.2"
  resolved "https://registry.yarnpkg.com/array-union/-/array-union-1.0.2.tgz#9a34410e4f4e3da23dea375be5be70f24778ec39"
  integrity sha1-mjRBDk9OPaI96jdb5b5w8kd47Dk=
  dependencies:
    array-uniq "^1.0.1"

array-uniq@^1.0.1:
  version "1.0.3"
  resolved "https://registry.yarnpkg.com/array-uniq/-/array-uniq-1.0.3.tgz#af6ac877a25cc7f74e058894753858dfdb24fdb6"
  integrity sha1-r2rId6Jcx/dOBYiUdThY39sk/bY=

async@^2.6.1:
  version "2.6.3"
  resolved "https://registry.yarnpkg.com/async/-/async-2.6.3.tgz#d72625e2344a3656e3a3ad4fa749fa83299d82ff"
  integrity sha512-zflvls11DCy+dQWzTW2dzuilv8Z5X/pjfmZOWba6TNIVDm+2UDaJmXSOXlasHKfNBs8oo3M0aT50fDEWfKZjXg==
  dependencies:
    lodash "^4.17.14"

asynckit@^0.4.0:
  version "0.4.0"
  resolved "https://registry.yarnpkg.com/asynckit/-/asynckit-0.4.0.tgz#c79ed97f7f34cb8f2ba1bc9790bcc366474b4b79"
  integrity sha1-x57Zf380y48robyXkLzDZkdLS3k=

axios@^0.19.0:
  version "0.19.2"
  resolved "https://registry.yarnpkg.com/axios/-/axios-0.19.2.tgz#3ea36c5d8818d0d5f8a8a97a6d36b86cdc00cb27"
  integrity sha512-fjgm5MvRHLhx+osE2xoekY70AhARk3a6hkN+3Io1jc00jtquGvxYlKlsFUhmUET0V5te6CcZI7lcv2Ym61mjHA==
  dependencies:
    follow-redirects "1.5.10"

balanced-match@^1.0.0:
  version "1.0.2"
  resolved "https://registry.yarnpkg.com/balanced-match/-/balanced-match-1.0.2.tgz#e83e3a7e3f300b34cb9d87f615fa0cbf357690ee"
  integrity sha512-3oSeUO0TMV67hN1AmbXsK4yaqU7tjiHlbxRDZOpH0KW9+CeX4bRAaX0Anxt0tx2MrpRpWwQaPwIlISEJhYU5Pw==

bech32@1.1.4:
  version "1.1.4"
  resolved "https://registry.yarnpkg.com/bech32/-/bech32-1.1.4.tgz#e38c9f37bf179b8eb16ae3a772b40c356d4832e9"
  integrity sha512-s0IrSOzLlbvX7yp4WBfPITzpAU8sqQcpsmwXDiKwrG4r491vwCO/XpejasRNl0piBMe/DvP4Tz0mIS/X1DPJBQ==

bn.js@^4.11.9:
  version "4.12.0"
  resolved "https://registry.yarnpkg.com/bn.js/-/bn.js-4.12.0.tgz#775b3f278efbb9718eec7361f483fb36fbbfea88"
  integrity sha512-c98Bf3tPniI+scsdk237ku1Dc3ujXQTSgyiPUDEOe7tRkhrqridvh8klBv0HCEso1OLOYcHuCv/cS6DNxKH+ZA==

brace-expansion@^1.1.7:
  version "1.1.11"
  resolved "https://registry.yarnpkg.com/brace-expansion/-/brace-expansion-1.1.11.tgz#3c7fcbf529d87226f3d2f52b966ff5271eb441dd"
  integrity sha512-iCuPHDFgrHX7H2vEI/5xpz07zSHB00TpugqhmYtVmMO6518mCuRMoOYFldEBl0g187ufozdaHgWKcYFb61qGiA==
  dependencies:
    balanced-match "^1.0.0"
    concat-map "0.0.1"

brorand@^1.1.0:
  version "1.1.0"
  resolved "https://registry.yarnpkg.com/brorand/-/brorand-1.1.0.tgz#12c25efe40a45e3c323eb8675a0a0ce57b22371f"
  integrity sha1-EsJe/kCkXjwyPrhnWgoM5XsiNx8=

combined-stream@^1.0.8:
  version "1.0.8"
  resolved "https://registry.yarnpkg.com/combined-stream/-/combined-stream-1.0.8.tgz#c3d45a8b34fd730631a110a8a2520682b31d5a7f"
  integrity sha512-FQN4MRfuJeHf7cBbBMJFXhKSDq+2kAArBlmRBvcvFE5BB1HZKXtSFASDhdlz9zOYwxh8lDdnvmMOe/+5cdoEdg==
  dependencies:
    delayed-stream "~1.0.0"

commander@^2.18.0:
  version "2.20.3"
  resolved "https://registry.yarnpkg.com/commander/-/commander-2.20.3.tgz#fd485e84c03eb4881c20722ba48035e8531aeb33"
  integrity sha512-GpVkmM8vF2vQUkj2LvZmD35JxeJOLCwJ9cUkugyk2nuhbv3+mJvpLYYt+0+USMxE+oj+ey/lJEnhZw75x/OMcQ==

concat-map@0.0.1:
  version "0.0.1"
  resolved "https://registry.yarnpkg.com/concat-map/-/concat-map-0.0.1.tgz#d8a96bd77fd68df7793a73036a3ba0d5405d477b"
  integrity sha1-2Klr13/Wjfd5OnMDajug1UBdR3s=

debug@=3.1.0:
  version "3.1.0"
  resolved "https://registry.yarnpkg.com/debug/-/debug-3.1.0.tgz#5bb5a0672628b64149566ba16819e61518c67261"
  integrity sha512-OX8XqP7/1a9cqkxYw2yXss15f26NKWBpDXQd0/uK/KPqdQhxbPa994hnzjcE2VqQpDslf55723cKPUOGSmMY3g==
  dependencies:
    ms "2.0.0"

delayed-stream@~1.0.0:
  version "1.0.0"
  resolved "https://registry.yarnpkg.com/delayed-stream/-/delayed-stream-1.0.0.tgz#df3ae199acadfb7d440aaae0b29e2272b24ec619"
  integrity sha1-3zrhmayt+31ECqrgsp4icrJOxhk=

discord.js@^12.5.1:
  version "12.5.3"
  resolved "https://registry.yarnpkg.com/discord.js/-/discord.js-12.5.3.tgz#56820d473c24320871df9ea0bbc6b462f21cf85c"
  integrity sha512-D3nkOa/pCkNyn6jLZnAiJApw2N9XrIsXUAdThf01i7yrEuqUmDGc7/CexVWwEcgbQR97XQ+mcnqJpmJ/92B4Aw==
  dependencies:
    "@discordjs/collection" "^0.1.6"
    "@discordjs/form-data" "^3.0.1"
    abort-controller "^3.0.0"
    node-fetch "^2.6.1"
    prism-media "^1.2.9"
    setimmediate "^1.0.5"
    tweetnacl "^1.0.3"
    ws "^7.4.4"

dotenv@^10.0.0:
  version "10.0.0"
  resolved "https://registry.yarnpkg.com/dotenv/-/dotenv-10.0.0.tgz#3d4227b8fb95f81096cdd2b66653fb2c7085ba81"
  integrity sha512-rlBi9d8jpv9Sf1klPjNfFAuWDjKLwTIJJ/VxtoTwIR6hnZxcEOQCZg2oIL3MWBYw5GpUDKOEnND7LXTbIpQ03Q==

elliptic@6.5.4:
  version "6.5.4"
  resolved "https://registry.yarnpkg.com/elliptic/-/elliptic-6.5.4.tgz#da37cebd31e79a1367e941b592ed1fbebd58abbb"
  integrity sha512-iLhC6ULemrljPZb+QutR5TQGB+pdW6KGD5RSegS+8sorOZT+rdQFbsQFJgvN3eRqNALqJer4oQ16YvJHlU8hzQ==
  dependencies:
    bn.js "^4.11.9"
    brorand "^1.1.0"
    hash.js "^1.0.0"
    hmac-drbg "^1.0.1"
    inherits "^2.0.4"
    minimalistic-assert "^1.0.1"
    minimalistic-crypto-utils "^1.0.1"

email-addresses@^3.0.1:
  version "3.1.0"
  resolved "https://registry.yarnpkg.com/email-addresses/-/email-addresses-3.1.0.tgz#cabf7e085cbdb63008a70319a74e6136188812fb"
  integrity sha512-k0/r7GrWVL32kZlGwfPNgB2Y/mMXVTq/decgLczm/j34whdaspNrZO8CnXPf1laaHxI6ptUlsnAxN+UAPw+fzg==

escape-string-regexp@^1.0.2:
  version "1.0.5"
  resolved "https://registry.yarnpkg.com/escape-string-regexp/-/escape-string-regexp-1.0.5.tgz#1b61c0562190a8dff6ae3bb2cf0200ca130b86d4"
  integrity sha1-G2HAViGQqN/2rjuyzwIAyhMLhtQ=

ethers@^5.3.1:
  version "5.4.5"
  resolved "https://registry.yarnpkg.com/ethers/-/ethers-5.4.5.tgz#cec133b9f5b514dc55e2561ee7aa7218c33affd7"
  integrity sha512-PPZ6flOAj230sXEWf/r/It6ZZ5c7EOVWx+PU87Glkbg79OtT7pLE1WgL4MRdwx6iF7HzSOvUUI+8cAmcdzo12w==
  dependencies:
    "@ethersproject/abi" "5.4.0"
    "@ethersproject/abstract-provider" "5.4.1"
    "@ethersproject/abstract-signer" "5.4.1"
    "@ethersproject/address" "5.4.0"
    "@ethersproject/base64" "5.4.0"
    "@ethersproject/basex" "5.4.0"
    "@ethersproject/bignumber" "5.4.1"
    "@ethersproject/bytes" "5.4.0"
    "@ethersproject/constants" "5.4.0"
    "@ethersproject/contracts" "5.4.1"
    "@ethersproject/hash" "5.4.0"
    "@ethersproject/hdnode" "5.4.0"
    "@ethersproject/json-wallets" "5.4.0"
    "@ethersproject/keccak256" "5.4.0"
    "@ethersproject/logger" "5.4.0"
    "@ethersproject/networks" "5.4.2"
    "@ethersproject/pbkdf2" "5.4.0"
    "@ethersproject/properties" "5.4.0"
    "@ethersproject/providers" "5.4.4"
    "@ethersproject/random" "5.4.0"
    "@ethersproject/rlp" "5.4.0"
    "@ethersproject/sha2" "5.4.0"
    "@ethersproject/signing-key" "5.4.0"
    "@ethersproject/solidity" "5.4.0"
    "@ethersproject/strings" "5.4.0"
    "@ethersproject/transactions" "5.4.0"
    "@ethersproject/units" "5.4.0"
    "@ethersproject/wallet" "5.4.0"
    "@ethersproject/web" "5.4.0"
    "@ethersproject/wordlists" "5.4.0"

etherscan-api@^10.0.5:
  version "10.0.5"
  resolved "https://registry.yarnpkg.com/etherscan-api/-/etherscan-api-10.0.5.tgz#6f38585daaf808b56f93d521dce062085360d209"
  integrity sha512-xyNK/nGn3Tl9x11bY2zu1Po5jSzsQykMa/OdTep6CbxbaFntVbYy0zSMNkZBmGAND4AFHq7Q6fCppXKuAJUzVQ==
  dependencies:
    axios "^0.19.0"
    gh-pages "^2.1.1"
    querystring "^0.2.0"

event-target-shim@^5.0.0:
  version "5.0.1"
  resolved "https://registry.yarnpkg.com/event-target-shim/-/event-target-shim-5.0.1.tgz#5d4d3ebdf9583d63a5333ce2deb7480ab2b05789"
  integrity sha512-i/2XbnSz/uxRCU6+NdVJgKWDTM427+MqYbkQzD321DuCQJUqOuJKIA0IM2+W2xtYHdKOmZ4dR6fExsd4SXL+WQ==

filename-reserved-regex@^1.0.0:
  version "1.0.0"
  resolved "https://registry.yarnpkg.com/filename-reserved-regex/-/filename-reserved-regex-1.0.0.tgz#e61cf805f0de1c984567d0386dc5df50ee5af7e4"
  integrity sha1-5hz4BfDeHJhFZ9A4bcXfUO5a9+Q=

filenamify-url@^1.0.0:
  version "1.0.0"
  resolved "https://registry.yarnpkg.com/filenamify-url/-/filenamify-url-1.0.0.tgz#b32bd81319ef5863b73078bed50f46a4f7975f50"
  integrity sha1-syvYExnvWGO3MHi+1Q9GpPeXX1A=
  dependencies:
    filenamify "^1.0.0"
    humanize-url "^1.0.0"

filenamify@^1.0.0:
  version "1.2.1"
  resolved "https://registry.yarnpkg.com/filenamify/-/filenamify-1.2.1.tgz#a9f2ffd11c503bed300015029272378f1f1365a5"
  integrity sha1-qfL/0RxQO+0wABUCknI3jx8TZaU=
  dependencies:
    filename-reserved-regex "^1.0.0"
    strip-outer "^1.0.0"
    trim-repeated "^1.0.0"

follow-redirects@1.5.10:
  version "1.5.10"
  resolved "https://registry.yarnpkg.com/follow-redirects/-/follow-redirects-1.5.10.tgz#7b7a9f9aea2fdff36786a94ff643ed07f4ff5e2a"
  integrity sha512-0V5l4Cizzvqt5D44aTXbFZz+FtyXV1vrDN6qrelxtfYQKW0KO0W2T/hkE8xvGa/540LkZlkaUjO4ailYTFtHVQ==
  dependencies:
    debug "=3.1.0"

fs-extra@^8.1.0:
  version "8.1.0"
  resolved "https://registry.yarnpkg.com/fs-extra/-/fs-extra-8.1.0.tgz#49d43c45a88cd9677668cb7be1b46efdb8d2e1c0"
  integrity sha512-yhlQgA6mnOJUKOsRUFsgJdQCvkKhcz8tlZG5HBQfReYZy46OwLcY+Zia0mtdHsOo9y/hP+CxMN0TU9QxoOtG4g==
  dependencies:
    graceful-fs "^4.2.0"
    jsonfile "^4.0.0"
    universalify "^0.1.0"

fs.realpath@^1.0.0:
  version "1.0.0"
  resolved "https://registry.yarnpkg.com/fs.realpath/-/fs.realpath-1.0.0.tgz#1504ad2523158caa40db4a2787cb01411994ea4f"
  integrity sha1-FQStJSMVjKpA20onh8sBQRmU6k8=

gh-pages@^2.1.1:
  version "2.2.0"
  resolved "https://registry.yarnpkg.com/gh-pages/-/gh-pages-2.2.0.tgz#74ebeaca8d2b9a11279dcbd4a39ddfff3e6caa24"
  integrity sha512-c+yPkNOPMFGNisYg9r4qvsMIjVYikJv7ImFOhPIVPt0+AcRUamZ7zkGRLHz7FKB0xrlZ+ddSOJsZv9XAFVXLmA==
  dependencies:
    async "^2.6.1"
    commander "^2.18.0"
    email-addresses "^3.0.1"
    filenamify-url "^1.0.0"
    fs-extra "^8.1.0"
    globby "^6.1.0"

glob@^7.0.3:
  version "7.1.7"
  resolved "https://registry.yarnpkg.com/glob/-/glob-7.1.7.tgz#3b193e9233f01d42d0b3f78294bbeeb418f94a90"
  integrity sha512-OvD9ENzPLbegENnYP5UUfJIirTg4+XwMWGaQfQTY0JenxNvvIKP3U3/tAQSPIu/lHxXYSZmpXlUHeqAIdKzBLQ==
  dependencies:
    fs.realpath "^1.0.0"
    inflight "^1.0.4"
    inherits "2"
    minimatch "^3.0.4"
    once "^1.3.0"
    path-is-absolute "^1.0.0"

globby@^6.1.0:
  version "6.1.0"
  resolved "https://registry.yarnpkg.com/globby/-/globby-6.1.0.tgz#f5a6d70e8395e21c858fb0489d64df02424d506c"
  integrity sha1-9abXDoOV4hyFj7BInWTfAkJNUGw=
  dependencies:
    array-union "^1.0.1"
    glob "^7.0.3"
    object-assign "^4.0.1"
    pify "^2.0.0"
    pinkie-promise "^2.0.0"

graceful-fs@^4.1.6, graceful-fs@^4.2.0:
  version "4.2.8"
  resolved "https://registry.yarnpkg.com/graceful-fs/-/graceful-fs-4.2.8.tgz#e412b8d33f5e006593cbd3cee6df9f2cebbe802a"
  integrity sha512-qkIilPUYcNhJpd33n0GBXTB1MMPp14TxEsEs0pTrsSVucApsYzW5V+Q8Qxhik6KU3evy+qkAAowTByymK0avdg==

hash.js@1.1.7, hash.js@^1.0.0, hash.js@^1.0.3:
  version "1.1.7"
  resolved "https://registry.yarnpkg.com/hash.js/-/hash.js-1.1.7.tgz#0babca538e8d4ee4a0f8988d68866537a003cf42"
  integrity sha512-taOaskGt4z4SOANNseOviYDvjEJinIkRgmp7LbKP2YTTmVxWBl87s/uzK9r+44BclBSp2X7K1hqeNfz9JbBeXA==
  dependencies:
    inherits "^2.0.3"
    minimalistic-assert "^1.0.1"

hmac-drbg@^1.0.1:
  version "1.0.1"
  resolved "https://registry.yarnpkg.com/hmac-drbg/-/hmac-drbg-1.0.1.tgz#d2745701025a6c775a6c545793ed502fc0c649a1"
  integrity sha1-0nRXAQJabHdabFRXk+1QL8DGSaE=
  dependencies:
    hash.js "^1.0.3"
    minimalistic-assert "^1.0.0"
    minimalistic-crypto-utils "^1.0.1"

humanize-url@^1.0.0:
  version "1.0.1"
  resolved "https://registry.yarnpkg.com/humanize-url/-/humanize-url-1.0.1.tgz#f4ab99e0d288174ca4e1e50407c55fbae464efff"
  integrity sha1-9KuZ4NKIF0yk4eUEB8VfuuRk7/8=
  dependencies:
    normalize-url "^1.0.0"
    strip-url-auth "^1.0.0"

inflight@^1.0.4:
  version "1.0.6"
  resolved "https://registry.yarnpkg.com/inflight/-/inflight-1.0.6.tgz#49bd6331d7d02d0c09bc910a1075ba8165b56df9"
  integrity sha1-Sb1jMdfQLQwJvJEKEHW6gWW1bfk=
  dependencies:
    once "^1.3.0"
    wrappy "1"

inherits@2, inherits@^2.0.3, inherits@^2.0.4:
  version "2.0.4"
  resolved "https://registry.yarnpkg.com/inherits/-/inherits-2.0.4.tgz#0fa2c64f932917c3433a0ded55363aae37416b7c"
  integrity sha512-k/vGaX4/Yla3WzyMCvTQOXYeIHvqOKtnqBduzTHpzpQZzAskKMhZ2K+EnBiSM9zGSoIFeMpXKxa4dYeZIQqewQ==

is-plain-obj@^1.0.0:
  version "1.1.0"
  resolved "https://registry.yarnpkg.com/is-plain-obj/-/is-plain-obj-1.1.0.tgz#71a50c8429dfca773c92a390a4a03b39fcd51d3e"
  integrity sha1-caUMhCnfync8kqOQpKA7OfzVHT4=

js-sha3@0.5.7:
  version "0.5.7"
  resolved "https://registry.yarnpkg.com/js-sha3/-/js-sha3-0.5.7.tgz#0d4ffd8002d5333aabaf4a23eed2f6374c9f28e7"
  integrity sha1-DU/9gALVMzqrr0oj7tL2N0yfKOc=

jsonfile@^4.0.0:
  version "4.0.0"
  resolved "https://registry.yarnpkg.com/jsonfile/-/jsonfile-4.0.0.tgz#8771aae0799b64076b76640fca058f9c10e33ecb"
  integrity sha1-h3Gq4HmbZAdrdmQPygWPnBDjPss=
  optionalDependencies:
    graceful-fs "^4.1.6"

lodash@^4.17.14:
  version "4.17.21"
  resolved "https://registry.yarnpkg.com/lodash/-/lodash-4.17.21.tgz#679591c564c3bffaae8454cf0b3df370c3d6911c"
  integrity sha512-v2kDEe57lecTulaDIuNTPy3Ry4gLGJ6Z1O3vE1krgXZNrsQ+LFTGHVxVjcXPs17LhbZVGedAJv8XZ1tvj5FvSg==

mime-db@1.49.0:
  version "1.49.0"
  resolved "https://registry.yarnpkg.com/mime-db/-/mime-db-1.49.0.tgz#f3dfde60c99e9cf3bc9701d687778f537001cbed"
  integrity sha512-CIc8j9URtOVApSFCQIF+VBkX1RwXp/oMMOrqdyXSBXq5RWNEsRfyj1kiRnQgmNXmHxPoFIxOroKA3zcU9P+nAA==

mime-types@^2.1.12:
  version "2.1.32"
  resolved "https://registry.yarnpkg.com/mime-types/-/mime-types-2.1.32.tgz#1d00e89e7de7fe02008db61001d9e02852670fd5"
  integrity sha512-hJGaVS4G4c9TSMYh2n6SQAGrC4RnfU+daP8G7cSCmaqNjiOoUY0VHCMS42pxnQmVF1GWwFhbHWn3RIxCqTmZ9A==
  dependencies:
    mime-db "1.49.0"

minimalistic-assert@^1.0.0, minimalistic-assert@^1.0.1:
  version "1.0.1"
  resolved "https://registry.yarnpkg.com/minimalistic-assert/-/minimalistic-assert-1.0.1.tgz#2e194de044626d4a10e7f7fbc00ce73e83e4d5c7"
  integrity sha512-UtJcAD4yEaGtjPezWuO9wC4nwUnVH/8/Im3yEHQP4b67cXlD/Qr9hdITCU1xDbSEXg2XKNaP8jsReV7vQd00/A==

minimalistic-crypto-utils@^1.0.1:
  version "1.0.1"
  resolved "https://registry.yarnpkg.com/minimalistic-crypto-utils/-/minimalistic-crypto-utils-1.0.1.tgz#f6c00c1c0b082246e5c4d99dfb8c7c083b2b582a"
  integrity sha1-9sAMHAsIIkblxNmd+4x8CDsrWCo=

minimatch@^3.0.4:
  version "3.0.4"
  resolved "https://registry.yarnpkg.com/minimatch/-/minimatch-3.0.4.tgz#5166e286457f03306064be5497e8dbb0c3d32083"
  integrity sha512-yJHVQEhyqPLUTgt9B83PXu6W3rx4MvvHvSUvToogpwoGDOUQ+yDrR0HRot+yOCdCO7u4hX3pWft6kWBBcqh0UA==
  dependencies:
    brace-expansion "^1.1.7"

ms@2.0.0:
  version "2.0.0"
  resolved "https://registry.yarnpkg.com/ms/-/ms-2.0.0.tgz#5608aeadfc00be6c2901df5f9861788de0d597c8"
  integrity sha1-VgiurfwAvmwpAd9fmGF4jeDVl8g=

node-fetch@^2.6.1:
  version "2.6.1"
  resolved "https://registry.yarnpkg.com/node-fetch/-/node-fetch-2.6.1.tgz#045bd323631f76ed2e2b55573394416b639a0052"
  integrity sha512-V4aYg89jEoVRxRb2fJdAg8FHvI7cEyYdVAh94HH0UIK8oJxUfkjlDQN9RbMx+bEjP7+ggMiFRprSti032Oipxw==

normalize-url@^1.0.0:
  version "1.9.1"
  resolved "https://registry.yarnpkg.com/normalize-url/-/normalize-url-1.9.1.tgz#2cc0d66b31ea23036458436e3620d85954c66c3c"
  integrity sha1-LMDWazHqIwNkWENuNiDYWVTGbDw=
  dependencies:
    object-assign "^4.0.1"
    prepend-http "^1.0.0"
    query-string "^4.1.0"
    sort-keys "^1.0.0"

object-assign@^4.0.1, object-assign@^4.1.0:
  version "4.1.1"
  resolved "https://registry.yarnpkg.com/object-assign/-/object-assign-4.1.1.tgz#2109adc7965887cfc05cbbd442cac8bfbb360863"
  integrity sha1-IQmtx5ZYh8/AXLvUQsrIv7s2CGM=

once@^1.3.0:
  version "1.4.0"
  resolved "https://registry.yarnpkg.com/once/-/once-1.4.0.tgz#583b1aa775961d4b113ac17d9c50baef9dd76bd1"
  integrity sha1-WDsap3WWHUsROsF9nFC6753Xa9E=
  dependencies:
    wrappy "1"

path-is-absolute@^1.0.0:
  version "1.0.1"
  resolved "https://registry.yarnpkg.com/path-is-absolute/-/path-is-absolute-1.0.1.tgz#174b9268735534ffbc7ace6bf53a5a9e1b5c5f5f"
  integrity sha1-F0uSaHNVNP+8es5r9TpanhtcX18=

pify@^2.0.0:
  version "2.3.0"
  resolved "https://registry.yarnpkg.com/pify/-/pify-2.3.0.tgz#ed141a6ac043a849ea588498e7dca8b15330e90c"
  integrity sha1-7RQaasBDqEnqWISY59yosVMw6Qw=

pinkie-promise@^2.0.0:
  version "2.0.1"
  resolved "https://registry.yarnpkg.com/pinkie-promise/-/pinkie-promise-2.0.1.tgz#2135d6dfa7a358c069ac9b178776288228450ffa"
  integrity sha1-ITXW36ejWMBprJsXh3YogihFD/o=
  dependencies:
    pinkie "^2.0.0"

pinkie@^2.0.0:
  version "2.0.4"
  resolved "https://registry.yarnpkg.com/pinkie/-/pinkie-2.0.4.tgz#72556b80cfa0d48a974e80e77248e80ed4f7f870"
  integrity sha1-clVrgM+g1IqXToDnckjoDtT3+HA=

prepend-http@^1.0.0:
  version "1.0.4"
  resolved "https://registry.yarnpkg.com/prepend-http/-/prepend-http-1.0.4.tgz#d4f4562b0ce3696e41ac52d0e002e57a635dc6dc"
  integrity sha1-1PRWKwzjaW5BrFLQ4ALlemNdxtw=

prism-media@^1.2.9:
  version "1.3.2"
  resolved "https://registry.yarnpkg.com/prism-media/-/prism-media-1.3.2.tgz#a1f04423ec15d22f3d62b1987b6a25dc49aad13b"
  integrity sha512-L6UsGHcT6i4wrQhFF1aPK+MNYgjRqR2tUoIqEY+CG1NqVkMjPRKzS37j9f8GiYPlD6wG9ruBj+q5Ax+bH8Ik1g==

query-string@^4.1.0:
  version "4.3.4"
  resolved "https://registry.yarnpkg.com/query-string/-/query-string-4.3.4.tgz#bbb693b9ca915c232515b228b1a02b609043dbeb"
  integrity sha1-u7aTucqRXCMlFbIosaArYJBD2+s=
  dependencies:
    object-assign "^4.1.0"
    strict-uri-encode "^1.0.0"

querystring@^0.2.0:
  version "0.2.1"
  resolved "https://registry.yarnpkg.com/querystring/-/querystring-0.2.1.tgz#40d77615bb09d16902a85c3e38aa8b5ed761c2dd"
  integrity sha512-wkvS7mL/JMugcup3/rMitHmd9ecIGd2lhFhK9N3UUQ450h66d1r3Y9nvXzQAW1Lq+wyx61k/1pfKS5KuKiyEbg==

scrypt-js@3.0.1:
  version "3.0.1"
  resolved "https://registry.yarnpkg.com/scrypt-js/-/scrypt-js-3.0.1.tgz#d314a57c2aef69d1ad98a138a21fe9eafa9ee312"
  integrity sha512-cdwTTnqPu0Hyvf5in5asVdZocVDTNRmR7XEcJuIzMjJeSHybHl7vpB66AzwTaIg6CLSbtjcxc8fqcySfnTkccA==

setimmediate@^1.0.5:
  version "1.0.5"
  resolved "https://registry.yarnpkg.com/setimmediate/-/setimmediate-1.0.5.tgz#290cbb232e306942d7d7ea9b83732ab7856f8285"
  integrity sha1-KQy7Iy4waULX1+qbg3Mqt4VvgoU=

sort-keys@^1.0.0:
  version "1.1.2"
  resolved "https://registry.yarnpkg.com/sort-keys/-/sort-keys-1.1.2.tgz#441b6d4d346798f1b4e49e8920adfba0e543f9ad"
  integrity sha1-RBttTTRnmPG05J6JIK37oOVD+a0=
  dependencies:
    is-plain-obj "^1.0.0"

strict-uri-encode@^1.0.0:
  version "1.1.0"
  resolved "https://registry.yarnpkg.com/strict-uri-encode/-/strict-uri-encode-1.1.0.tgz#279b225df1d582b1f54e65addd4352e18faa0713"
  integrity sha1-J5siXfHVgrH1TmWt3UNS4Y+qBxM=

strip-outer@^1.0.0:
  version "1.0.1"
  resolved "https://registry.yarnpkg.com/strip-outer/-/strip-outer-1.0.1.tgz#b2fd2abf6604b9d1e6013057195df836b8a9d631"
  integrity sha512-k55yxKHwaXnpYGsOzg4Vl8+tDrWylxDEpknGjhTiZB8dFRU5rTo9CAzeycivxV3s+zlTKwrs6WxMxR95n26kwg==
  dependencies:
    escape-string-regexp "^1.0.2"

strip-url-auth@^1.0.0:
  version "1.0.1"
  resolved "https://registry.yarnpkg.com/strip-url-auth/-/strip-url-auth-1.0.1.tgz#22b0fa3a41385b33be3f331551bbb837fa0cd7ae"
  integrity sha1-IrD6OkE4WzO+PzMVUbu4N/oM164=

trim-repeated@^1.0.0:
  version "1.0.0"
  resolved "https://registry.yarnpkg.com/trim-repeated/-/trim-repeated-1.0.0.tgz#e3646a2ea4e891312bf7eace6cfb05380bc01c21"
  integrity sha1-42RqLqTokTEr9+rObPsFOAvAHCE=
  dependencies:
    escape-string-regexp "^1.0.2"

tweetnacl@^1.0.3:
  version "1.0.3"
  resolved "https://registry.yarnpkg.com/tweetnacl/-/tweetnacl-1.0.3.tgz#ac0af71680458d8a6378d0d0d050ab1407d35596"
  integrity sha512-6rt+RN7aOi1nGMyC4Xa5DdYiukl2UWCbcJft7YhxReBGQD7OAM8Pbxw6YMo4r2diNEA8FEmu32YOn9rhaiE5yw==

universalify@^0.1.0:
  version "0.1.2"
  resolved "https://registry.yarnpkg.com/universalify/-/universalify-0.1.2.tgz#b646f69be3942dabcecc9d6639c80dc105efaa66"
  integrity sha512-rBJeI5CXAlmy1pV+617WB9J63U6XcazHHF2f2dbJix4XzpUF0RS3Zbj0FGIOCAva5P/d/GBOYaACQ1w+0azUkg==

wrappy@1:
  version "1.0.2"
  resolved "https://registry.yarnpkg.com/wrappy/-/wrappy-1.0.2.tgz#b5243d8f3ec1aa35f1364605bc0d1036e30ab69f"
  integrity sha1-tSQ9jz7BqjXxNkYFvA0QNuMKtp8=

ws@7.4.6:
  version "7.4.6"
  resolved "https://registry.yarnpkg.com/ws/-/ws-7.4.6.tgz#5654ca8ecdeee47c33a9a4bf6d28e2be2980377c"
  integrity sha512-YmhHDO4MzaDLB+M9ym/mDA5z0naX8j7SIlT8f8z+I0VtzsRbekxEutHSme7NPS2qE8StCYQNUnfWdXta/Yu85A==

ws@^7.4.4:
  version "7.5.3"
  resolved "https://registry.yarnpkg.com/ws/-/ws-7.5.3.tgz#160835b63c7d97bfab418fc1b8a9fced2ac01a74"
  integrity sha512-kQ/dHIzuLrS6Je9+uv81ueZomEwH0qVYstcAQ4/Z93K8zeko9gtAbttJWzoC5ukqXY1PpoouV3+VSOqEAFt5wg==
